// !$*UTF8*$!
{
	archiveVersion = 1;
	classes = {
	};
	objectVersion = 56;
	objects = {

/* Begin PBXBuildFile section */
		1844471A2AB211A2007D6BFE /* ggml-alloc.c in Sources */ = {isa = PBXBuildFile; fileRef = 184447182AB211A2007D6BFE /* ggml-alloc.c */; };
		1844471C2AB21655007D6BFE /* ggml-metal.m in Sources */ = {isa = PBXBuildFile; fileRef = 1844471B2AB21655007D6BFE /* ggml-metal.m */; settings = {COMPILER_FLAGS = "-framework Foundation -framework Metal -framework MetalKit -fno-objc-arc"; }; };
		184447212AB21B43007D6BFE /* ggml-metal.metal in CopyFiles */ = {isa = PBXBuildFile; fileRef = 1844471D2AB2195F007D6BFE /* ggml-metal.metal */; };
		18627C7B29052BDF00BD2A04 /* AppDelegate.m in Sources */ = {isa = PBXBuildFile; fileRef = 18627C7A29052BDF00BD2A04 /* AppDelegate.m */; };
		18627C8129052BDF00BD2A04 /* ViewController.m in Sources */ = {isa = PBXBuildFile; fileRef = 18627C8029052BDF00BD2A04 /* ViewController.m */; };
		18627C8629052BE000BD2A04 /* Assets.xcassets in Resources */ = {isa = PBXBuildFile; fileRef = 18627C8529052BE000BD2A04 /* Assets.xcassets */; };
		18627C8C29052BE000BD2A04 /* main.m in Sources */ = {isa = PBXBuildFile; fileRef = 18627C8B29052BE000BD2A04 /* main.m */; };
		18627C9429052C4900BD2A04 /* whisper.cpp in Sources */ = {isa = PBXBuildFile; fileRef = 18627C9329052C4900BD2A04 /* whisper.cpp */; settings = {COMPILER_FLAGS = "-DWHISPER_USE_COREML -DWHISPER_COREML_ALLOW_FALLBACK -DGGML_USE_METAL"; }; };
		18627C9629052C5800BD2A04 /* ggml.c in Sources */ = {isa = PBXBuildFile; fileRef = 18627C9529052C5800BD2A04 /* ggml.c */; settings = {COMPILER_FLAGS = "-DGGML_USE_ACCELERATE -DGGML_USE_METAL"; }; };
		18627C9B29052CFF00BD2A04 /* ggml-base.en.bin in Resources */ = {isa = PBXBuildFile; fileRef = 18627C9A29052CFF00BD2A04 /* ggml-base.en.bin */; };
		18ABE15A2AF556340044A204 /* ggml-backend.c in Sources */ = {isa = PBXBuildFile; fileRef = 18ABE1572AF556340044A204 /* ggml-backend.c */; };
		18ABE15B2AF556340044A204 /* ggml-quants.c in Sources */ = {isa = PBXBuildFile; fileRef = 18ABE1592AF556340044A204 /* ggml-quants.c */; };
		79F1FA662B1200C00065F66E /* Storyboard.storyboard in Resources */ = {isa = PBXBuildFile; fileRef = 79F1FA652B1200C00065F66E /* Storyboard.storyboard */; };
		79F1FA702B1207830065F66E /* MenuBarInterface.docc in Sources */ = {isa = PBXBuildFile; fileRef = 79F1FA6F2B1207830065F66E /* MenuBarInterface.docc */; };
		79F1FA712B1207830065F66E /* MenuBarInterface.h in Headers */ = {isa = PBXBuildFile; fileRef = 79F1FA6E2B1207830065F66E /* MenuBarInterface.h */; settings = {ATTRIBUTES = (Public, ); }; };
		79F1FA742B1207830065F66E /* MenuBarInterface.framework in Frameworks */ = {isa = PBXBuildFile; fileRef = 79F1FA6C2B1207830065F66E /* MenuBarInterface.framework */; };
		79F1FA752B1207830065F66E /* MenuBarInterface.framework in Embed Frameworks */ = {isa = PBXBuildFile; fileRef = 79F1FA6C2B1207830065F66E /* MenuBarInterface.framework */; settings = {ATTRIBUTES = (CodeSignOnCopy, RemoveHeadersOnCopy, ); }; };
		79F1FA852B1207CD0065F66E /* MenuItem.pb.swift in Sources */ = {isa = PBXBuildFile; fileRef = 79F1FA7C2B1207CC0065F66E /* MenuItem.pb.swift */; };
		79F1FA862B1207CD0065F66E /* AX.swift in Sources */ = {isa = PBXBuildFile; fileRef = 79F1FA7D2B1207CC0065F66E /* AX.swift */; };
		79F1FA872B1207CD0065F66E /* MenuItem.proto in Sources */ = {isa = PBXBuildFile; fileRef = 79F1FA7E2B1207CC0065F66E /* MenuItem.proto */; };
		79F1FA882B1207CD0065F66E /* MenuBar.swift in Sources */ = {isa = PBXBuildFile; fileRef = 79F1FA7F2B1207CC0065F66E /* MenuBar.swift */; };
		79F1FA892B1207CD0065F66E /* MenuItem.swift in Sources */ = {isa = PBXBuildFile; fileRef = 79F1FA802B1207CD0065F66E /* MenuItem.swift */; };
		79F1FA8A2B1207CD0065F66E /* IndexParser.swift in Sources */ = {isa = PBXBuildFile; fileRef = 79F1FA812B1207CD0065F66E /* IndexParser.swift */; };
		79F1FA932B1209F70065F66E /* SwiftProtobuf in Frameworks */ = {isa = PBXBuildFile; productRef = 79F1FA922B1209F70065F66E /* SwiftProtobuf */; };
		79F1FA952B1209F70065F66E /* SwiftProtobufPluginLibrary in Frameworks */ = {isa = PBXBuildFile; productRef = 79F1FA942B1209F70065F66E /* SwiftProtobufPluginLibrary */; };
		79F1FA972B1241A70065F66E /* MenuBarInterface.swift in Sources */ = {isa = PBXBuildFile; fileRef = 79F1FA962B1241A70065F66E /* MenuBarInterface.swift */; };
		7FE3424B2A0C3FA20015A058 /* whisper-encoder-impl.m in Sources */ = {isa = PBXBuildFile; fileRef = 7FE342452A0C3FA20015A058 /* whisper-encoder-impl.m */; };
		7FE3424C2A0C3FA20015A058 /* whisper-encoder.mm in Sources */ = {isa = PBXBuildFile; fileRef = 7FE342472A0C3FA20015A058 /* whisper-encoder.mm */; };
		7FE3424D2A0C3FA20015A058 /* whisper-decoder-impl.m in Sources */ = {isa = PBXBuildFile; fileRef = 7FE3424A2A0C3FA20015A058 /* whisper-decoder-impl.m */; };
		7FE3424F2A0C418A0015A058 /* ggml-base.en-encoder.mlmodelc in Resources */ = {isa = PBXBuildFile; fileRef = 7FE3424E2A0C418A0015A058 /* ggml-base.en-encoder.mlmodelc */; };
/* End PBXBuildFile section */

/* Begin PBXContainerItemProxy section */
		79F1FA722B1207830065F66E /* PBXContainerItemProxy */ = {
			isa = PBXContainerItemProxy;
			containerPortal = 18627C6E29052BDF00BD2A04 /* Project object */;
			proxyType = 1;
			remoteGlobalIDString = 79F1FA6B2B1207830065F66E;
			remoteInfo = MenuBarInterface;
		};
/* End PBXContainerItemProxy section */

/* Begin PBXCopyFilesBuildPhase section */
		184447202AB21B25007D6BFE /* CopyFiles */ = {
			isa = PBXCopyFilesBuildPhase;
			buildActionMask = 2147483647;
			dstPath = "";
			dstSubfolderSpec = 7;
			files = (
				184447212AB21B43007D6BFE /* ggml-metal.metal in CopyFiles */,
			);
			runOnlyForDeploymentPostprocessing = 0;
		};
		79F1FA762B1207830065F66E /* Embed Frameworks */ = {
			isa = PBXCopyFilesBuildPhase;
			buildActionMask = 2147483647;
			dstPath = "";
			dstSubfolderSpec = 10;
			files = (
				79F1FA752B1207830065F66E /* MenuBarInterface.framework in Embed Frameworks */,
			);
			name = "Embed Frameworks";
			runOnlyForDeploymentPostprocessing = 0;
		};
/* End PBXCopyFilesBuildPhase section */

/* Begin PBXFileReference section */
		184447182AB211A2007D6BFE /* ggml-alloc.c */ = {isa = PBXFileReference; fileEncoding = 4; lastKnownFileType = sourcecode.c.c; name = "ggml-alloc.c"; path = "../../../ggml-alloc.c"; sourceTree = "<group>"; };
		184447192AB211A2007D6BFE /* ggml-alloc.h */ = {isa = PBXFileReference; fileEncoding = 4; lastKnownFileType = sourcecode.c.h; name = "ggml-alloc.h"; path = "../../../ggml-alloc.h"; sourceTree = "<group>"; };
		1844471B2AB21655007D6BFE /* ggml-metal.m */ = {isa = PBXFileReference; fileEncoding = 4; lastKnownFileType = sourcecode.c.objc; name = "ggml-metal.m"; path = "../../../ggml-metal.m"; sourceTree = "<group>"; };
		1844471D2AB2195F007D6BFE /* ggml-metal.metal */ = {isa = PBXFileReference; fileEncoding = 4; lastKnownFileType = sourcecode.metal; name = "ggml-metal.metal"; path = "../../../ggml-metal.metal"; sourceTree = "<group>"; };
		18627C7629052BDF00BD2A04 /* whisper.objc.app */ = {isa = PBXFileReference; explicitFileType = wrapper.application; includeInIndex = 0; path = whisper.objc.app; sourceTree = BUILT_PRODUCTS_DIR; };
		18627C7929052BDF00BD2A04 /* AppDelegate.h */ = {isa = PBXFileReference; lastKnownFileType = sourcecode.c.h; path = AppDelegate.h; sourceTree = "<group>"; };
		18627C7A29052BDF00BD2A04 /* AppDelegate.m */ = {isa = PBXFileReference; lastKnownFileType = sourcecode.c.objc; path = AppDelegate.m; sourceTree = "<group>"; };
		18627C7F29052BDF00BD2A04 /* ViewController.h */ = {isa = PBXFileReference; lastKnownFileType = sourcecode.c.h; path = ViewController.h; sourceTree = "<group>"; };
		18627C8029052BDF00BD2A04 /* ViewController.m */ = {isa = PBXFileReference; lastKnownFileType = sourcecode.c.objc; path = ViewController.m; sourceTree = "<group>"; };
		18627C8529052BE000BD2A04 /* Assets.xcassets */ = {isa = PBXFileReference; lastKnownFileType = folder.assetcatalog; path = Assets.xcassets; sourceTree = "<group>"; };
		18627C8A29052BE000BD2A04 /* Info.plist */ = {isa = PBXFileReference; lastKnownFileType = text.plist.xml; path = Info.plist; sourceTree = "<group>"; };
		18627C8B29052BE000BD2A04 /* main.m */ = {isa = PBXFileReference; lastKnownFileType = sourcecode.c.objc; path = main.m; sourceTree = "<group>"; };
		18627C9229052C2B00BD2A04 /* whisper.h */ = {isa = PBXFileReference; fileEncoding = 4; lastKnownFileType = sourcecode.c.h; name = whisper.h; path = ../../../whisper.h; sourceTree = "<group>"; };
		18627C9329052C4900BD2A04 /* whisper.cpp */ = {isa = PBXFileReference; fileEncoding = 4; lastKnownFileType = sourcecode.cpp.cpp; name = whisper.cpp; path = ../../../whisper.cpp; sourceTree = "<group>"; };
		18627C9529052C5800BD2A04 /* ggml.c */ = {isa = PBXFileReference; fileEncoding = 4; lastKnownFileType = sourcecode.c.c; name = ggml.c; path = ../../../ggml.c; sourceTree = "<group>"; };
		18627C9729052C6600BD2A04 /* ggml.h */ = {isa = PBXFileReference; fileEncoding = 4; lastKnownFileType = sourcecode.c.h; name = ggml.h; path = ../../../ggml.h; sourceTree = "<group>"; };
		18627C9A29052CFF00BD2A04 /* ggml-base.en.bin */ = {isa = PBXFileReference; lastKnownFileType = archive.macbinary; name = "ggml-base.en.bin"; path = "../../../models/ggml-base.en.bin"; sourceTree = "<group>"; };
		18ABE1542AF556340044A204 /* ggml-quants.h */ = {isa = PBXFileReference; fileEncoding = 4; lastKnownFileType = sourcecode.c.h; name = "ggml-quants.h"; path = "../../../ggml-quants.h"; sourceTree = "<group>"; };
		18ABE1552AF556340044A204 /* ggml-backend.h */ = {isa = PBXFileReference; fileEncoding = 4; lastKnownFileType = sourcecode.c.h; name = "ggml-backend.h"; path = "../../../ggml-backend.h"; sourceTree = "<group>"; };
		18ABE1562AF556340044A204 /* ggml-backend-impl.h */ = {isa = PBXFileReference; fileEncoding = 4; lastKnownFileType = sourcecode.c.h; name = "ggml-backend-impl.h"; path = "../../../ggml-backend-impl.h"; sourceTree = "<group>"; };
		18ABE1572AF556340044A204 /* ggml-backend.c */ = {isa = PBXFileReference; fileEncoding = 4; lastKnownFileType = sourcecode.c.c; name = "ggml-backend.c"; path = "../../../ggml-backend.c"; sourceTree = "<group>"; };
		18ABE1582AF556340044A204 /* ggml-impl.h */ = {isa = PBXFileReference; fileEncoding = 4; lastKnownFileType = sourcecode.c.h; name = "ggml-impl.h"; path = "../../../ggml-impl.h"; sourceTree = "<group>"; };
		18ABE1592AF556340044A204 /* ggml-quants.c */ = {isa = PBXFileReference; fileEncoding = 4; lastKnownFileType = sourcecode.c.c; name = "ggml-quants.c"; path = "../../../ggml-quants.c"; sourceTree = "<group>"; };
		79F1FA652B1200C00065F66E /* Storyboard.storyboard */ = {isa = PBXFileReference; lastKnownFileType = file.storyboard; path = Storyboard.storyboard; sourceTree = "<group>"; };
		79F1FA6C2B1207830065F66E /* MenuBarInterface.framework */ = {isa = PBXFileReference; explicitFileType = wrapper.framework; includeInIndex = 0; path = MenuBarInterface.framework; sourceTree = BUILT_PRODUCTS_DIR; };
		79F1FA6E2B1207830065F66E /* MenuBarInterface.h */ = {isa = PBXFileReference; lastKnownFileType = sourcecode.c.h; path = MenuBarInterface.h; sourceTree = "<group>"; };
		79F1FA6F2B1207830065F66E /* MenuBarInterface.docc */ = {isa = PBXFileReference; lastKnownFileType = folder.documentationcatalog; path = MenuBarInterface.docc; sourceTree = "<group>"; };
		79F1FA7C2B1207CC0065F66E /* MenuItem.pb.swift */ = {isa = PBXFileReference; fileEncoding = 4; lastKnownFileType = sourcecode.swift; path = MenuItem.pb.swift; sourceTree = "<group>"; };
		79F1FA7D2B1207CC0065F66E /* AX.swift */ = {isa = PBXFileReference; fileEncoding = 4; lastKnownFileType = sourcecode.swift; path = AX.swift; sourceTree = "<group>"; };
		79F1FA7E2B1207CC0065F66E /* MenuItem.proto */ = {isa = PBXFileReference; fileEncoding = 4; lastKnownFileType = sourcecode.protobuf; path = MenuItem.proto; sourceTree = "<group>"; };
		79F1FA7F2B1207CC0065F66E /* MenuBar.swift */ = {isa = PBXFileReference; fileEncoding = 4; lastKnownFileType = sourcecode.swift; path = MenuBar.swift; sourceTree = "<group>"; };
		79F1FA802B1207CD0065F66E /* MenuItem.swift */ = {isa = PBXFileReference; fileEncoding = 4; lastKnownFileType = sourcecode.swift; path = MenuItem.swift; sourceTree = "<group>"; };
		79F1FA812B1207CD0065F66E /* IndexParser.swift */ = {isa = PBXFileReference; fileEncoding = 4; lastKnownFileType = sourcecode.swift; path = IndexParser.swift; sourceTree = "<group>"; };
		79F1FA962B1241A70065F66E /* MenuBarInterface.swift */ = {isa = PBXFileReference; lastKnownFileType = sourcecode.swift; path = MenuBarInterface.swift; sourceTree = "<group>"; };
		7FE342452A0C3FA20015A058 /* whisper-encoder-impl.m */ = {isa = PBXFileReference; fileEncoding = 4; lastKnownFileType = sourcecode.c.objc; path = "whisper-encoder-impl.m"; sourceTree = "<group>"; };
		7FE342462A0C3FA20015A058 /* whisper-encoder.h */ = {isa = PBXFileReference; fileEncoding = 4; lastKnownFileType = sourcecode.c.h; path = "whisper-encoder.h"; sourceTree = "<group>"; };
		7FE342472A0C3FA20015A058 /* whisper-encoder.mm */ = {isa = PBXFileReference; fileEncoding = 4; lastKnownFileType = sourcecode.cpp.objcpp; path = "whisper-encoder.mm"; sourceTree = "<group>"; };
		7FE342482A0C3FA20015A058 /* whisper-decoder-impl.h */ = {isa = PBXFileReference; fileEncoding = 4; lastKnownFileType = sourcecode.c.h; path = "whisper-decoder-impl.h"; sourceTree = "<group>"; };
		7FE342492A0C3FA20015A058 /* whisper-encoder-impl.h */ = {isa = PBXFileReference; fileEncoding = 4; lastKnownFileType = sourcecode.c.h; path = "whisper-encoder-impl.h"; sourceTree = "<group>"; };
		7FE3424A2A0C3FA20015A058 /* whisper-decoder-impl.m */ = {isa = PBXFileReference; fileEncoding = 4; lastKnownFileType = sourcecode.c.objc; path = "whisper-decoder-impl.m"; sourceTree = "<group>"; };
		7FE3424E2A0C418A0015A058 /* ggml-base.en-encoder.mlmodelc */ = {isa = PBXFileReference; lastKnownFileType = wrapper; name = "ggml-base.en-encoder.mlmodelc"; path = "../../../models/ggml-base.en-encoder.mlmodelc"; sourceTree = "<group>"; };
/* End PBXFileReference section */

/* Begin PBXFrameworksBuildPhase section */
		18627C7329052BDF00BD2A04 /* Frameworks */ = {
			isa = PBXFrameworksBuildPhase;
			buildActionMask = 2147483647;
			files = (
				79F1FA742B1207830065F66E /* MenuBarInterface.framework in Frameworks */,
			);
			runOnlyForDeploymentPostprocessing = 0;
		};
		79F1FA692B1207830065F66E /* Frameworks */ = {
			isa = PBXFrameworksBuildPhase;
			buildActionMask = 2147483647;
			files = (
				79F1FA952B1209F70065F66E /* SwiftProtobufPluginLibrary in Frameworks */,
				79F1FA932B1209F70065F66E /* SwiftProtobuf in Frameworks */,
			);
			runOnlyForDeploymentPostprocessing = 0;
		};
/* End PBXFrameworksBuildPhase section */

/* Begin PBXGroup section */
		18627C6D29052BDF00BD2A04 = {
			isa = PBXGroup;
			children = (
				18627C7829052BDF00BD2A04 /* whisper.objc */,
				79F1FA6D2B1207830065F66E /* MenuBarInterface */,
				18627C7729052BDF00BD2A04 /* Products */,
				79F1FA912B1209F70065F66E /* Frameworks */,
			);
			sourceTree = "<group>";
		};
		18627C7729052BDF00BD2A04 /* Products */ = {
			isa = PBXGroup;
			children = (
				18627C7629052BDF00BD2A04 /* whisper.objc.app */,
				79F1FA6C2B1207830065F66E /* MenuBarInterface.framework */,
			);
			name = Products;
			sourceTree = "<group>";
		};
		18627C7829052BDF00BD2A04 /* whisper.objc */ = {
			isa = PBXGroup;
			children = (
				18ABE1562AF556340044A204 /* ggml-backend-impl.h */,
				18ABE1572AF556340044A204 /* ggml-backend.c */,
				18ABE1552AF556340044A204 /* ggml-backend.h */,
				18ABE1582AF556340044A204 /* ggml-impl.h */,
				18ABE1592AF556340044A204 /* ggml-quants.c */,
				18ABE1542AF556340044A204 /* ggml-quants.h */,
				1844471D2AB2195F007D6BFE /* ggml-metal.metal */,
				1844471B2AB21655007D6BFE /* ggml-metal.m */,
				184447182AB211A2007D6BFE /* ggml-alloc.c */,
				184447192AB211A2007D6BFE /* ggml-alloc.h */,
				7FE3424E2A0C418A0015A058 /* ggml-base.en-encoder.mlmodelc */,
				7FE342442A0C3FA20015A058 /* coreml */,
				18627C9A29052CFF00BD2A04 /* ggml-base.en.bin */,
				18627C9729052C6600BD2A04 /* ggml.h */,
				18627C9529052C5800BD2A04 /* ggml.c */,
				18627C9329052C4900BD2A04 /* whisper.cpp */,
				18627C9229052C2B00BD2A04 /* whisper.h */,
				18627C7929052BDF00BD2A04 /* AppDelegate.h */,
				18627C7A29052BDF00BD2A04 /* AppDelegate.m */,
				18627C7F29052BDF00BD2A04 /* ViewController.h */,
				18627C8029052BDF00BD2A04 /* ViewController.m */,
				18627C8529052BE000BD2A04 /* Assets.xcassets */,
				18627C8A29052BE000BD2A04 /* Info.plist */,
				18627C8B29052BE000BD2A04 /* main.m */,
				79F1FA652B1200C00065F66E /* Storyboard.storyboard */,
			);
			path = whisper.objc;
			sourceTree = "<group>";
		};
		79F1FA6D2B1207830065F66E /* MenuBarInterface */ = {
			isa = PBXGroup;
			children = (
				79F1FA7D2B1207CC0065F66E /* AX.swift */,
				79F1FA812B1207CD0065F66E /* IndexParser.swift */,
				79F1FA7F2B1207CC0065F66E /* MenuBar.swift */,
				79F1FA7C2B1207CC0065F66E /* MenuItem.pb.swift */,
				79F1FA7E2B1207CC0065F66E /* MenuItem.proto */,
				79F1FA802B1207CD0065F66E /* MenuItem.swift */,
				79F1FA962B1241A70065F66E /* MenuBarInterface.swift */,
				79F1FA6E2B1207830065F66E /* MenuBarInterface.h */,
				79F1FA6F2B1207830065F66E /* MenuBarInterface.docc */,
			);
			path = MenuBarInterface;
			sourceTree = "<group>";
		};
		79F1FA912B1209F70065F66E /* Frameworks */ = {
			isa = PBXGroup;
			children = (
			);
			name = Frameworks;
			sourceTree = "<group>";
		};
		7FE342442A0C3FA20015A058 /* coreml */ = {
			isa = PBXGroup;
			children = (
				7FE342452A0C3FA20015A058 /* whisper-encoder-impl.m */,
				7FE342462A0C3FA20015A058 /* whisper-encoder.h */,
				7FE342472A0C3FA20015A058 /* whisper-encoder.mm */,
				7FE342482A0C3FA20015A058 /* whisper-decoder-impl.h */,
				7FE342492A0C3FA20015A058 /* whisper-encoder-impl.h */,
				7FE3424A2A0C3FA20015A058 /* whisper-decoder-impl.m */,
			);
			name = coreml;
			path = ../../../coreml;
			sourceTree = "<group>";
		};
/* End PBXGroup section */

/* Begin PBXHeadersBuildPhase section */
		79F1FA672B1207830065F66E /* Headers */ = {
			isa = PBXHeadersBuildPhase;
			buildActionMask = 2147483647;
			files = (
				79F1FA712B1207830065F66E /* MenuBarInterface.h in Headers */,
			);
			runOnlyForDeploymentPostprocessing = 0;
		};
/* End PBXHeadersBuildPhase section */

/* Begin PBXNativeTarget section */
		18627C7529052BDF00BD2A04 /* whisper.objc */ = {
			isa = PBXNativeTarget;
			buildConfigurationList = 18627C8F29052BE000BD2A04 /* Build configuration list for PBXNativeTarget "whisper.objc" */;
			buildPhases = (
				18627C7229052BDF00BD2A04 /* Sources */,
				18627C7329052BDF00BD2A04 /* Frameworks */,
				18627C7429052BDF00BD2A04 /* Resources */,
				184447202AB21B25007D6BFE /* CopyFiles */,
				79F1FA762B1207830065F66E /* Embed Frameworks */,
			);
			buildRules = (
			);
			dependencies = (
				79F1FA732B1207830065F66E /* PBXTargetDependency */,
			);
			name = whisper.objc;
			productName = whisper.objc;
			productReference = 18627C7629052BDF00BD2A04 /* whisper.objc.app */;
			productType = "com.apple.product-type.application";
		};
		79F1FA6B2B1207830065F66E /* MenuBarInterface */ = {
			isa = PBXNativeTarget;
			buildConfigurationList = 79F1FA792B1207830065F66E /* Build configuration list for PBXNativeTarget "MenuBarInterface" */;
			buildPhases = (
				79F1FA672B1207830065F66E /* Headers */,
				79F1FA682B1207830065F66E /* Sources */,
				79F1FA692B1207830065F66E /* Frameworks */,
				79F1FA6A2B1207830065F66E /* Resources */,
			);
			buildRules = (
			);
			dependencies = (
			);
			name = MenuBarInterface;
			packageProductDependencies = (
				79F1FA922B1209F70065F66E /* SwiftProtobuf */,
				79F1FA942B1209F70065F66E /* SwiftProtobufPluginLibrary */,
			);
			productName = MenuBarInterface;
			productReference = 79F1FA6C2B1207830065F66E /* MenuBarInterface.framework */;
			productType = "com.apple.product-type.framework";
		};
/* End PBXNativeTarget section */

/* Begin PBXProject section */
		18627C6E29052BDF00BD2A04 /* Project object */ = {
			isa = PBXProject;
			attributes = {
				BuildIndependentTargetsInParallel = 1;
				LastUpgradeCheck = 1400;
				TargetAttributes = {
					18627C7529052BDF00BD2A04 = {
						CreatedOnToolsVersion = 14.0.1;
					};
					79F1FA6B2B1207830065F66E = {
						CreatedOnToolsVersion = 15.0.1;
					};
				};
			};
			buildConfigurationList = 18627C7129052BDF00BD2A04 /* Build configuration list for PBXProject "whisper.objc" */;
			compatibilityVersion = "Xcode 14.0";
			developmentRegion = en;
			hasScannedForEncodings = 0;
			knownRegions = (
				en,
				Base,
			);
			mainGroup = 18627C6D29052BDF00BD2A04;
			packageReferences = (
				79F1FA8C2B12088B0065F66E /* XCRemoteSwiftPackageReference "swift-protobuf" */,
			);
			productRefGroup = 18627C7729052BDF00BD2A04 /* Products */;
			projectDirPath = "";
			projectRoot = "";
			targets = (
				18627C7529052BDF00BD2A04 /* whisper.objc */,
				79F1FA6B2B1207830065F66E /* MenuBarInterface */,
			);
		};
/* End PBXProject section */

/* Begin PBXResourcesBuildPhase section */
		18627C7429052BDF00BD2A04 /* Resources */ = {
			isa = PBXResourcesBuildPhase;
			buildActionMask = 2147483647;
			files = (
				7FE3424F2A0C418A0015A058 /* ggml-base.en-encoder.mlmodelc in Resources */,
				79F1FA662B1200C00065F66E /* Storyboard.storyboard in Resources */,
				18627C8629052BE000BD2A04 /* Assets.xcassets in Resources */,
				18627C9B29052CFF00BD2A04 /* ggml-base.en.bin in Resources */,
			);
			runOnlyForDeploymentPostprocessing = 0;
		};
		79F1FA6A2B1207830065F66E /* Resources */ = {
			isa = PBXResourcesBuildPhase;
			buildActionMask = 2147483647;
			files = (
			);
			runOnlyForDeploymentPostprocessing = 0;
		};
/* End PBXResourcesBuildPhase section */

/* Begin PBXSourcesBuildPhase section */
		18627C7229052BDF00BD2A04 /* Sources */ = {
			isa = PBXSourcesBuildPhase;
			buildActionMask = 2147483647;
			files = (
				18627C8129052BDF00BD2A04 /* ViewController.m in Sources */,
				18ABE15B2AF556340044A204 /* ggml-quants.c in Sources */,
				7FE3424C2A0C3FA20015A058 /* whisper-encoder.mm in Sources */,
				18627C9429052C4900BD2A04 /* whisper.cpp in Sources */,
				18627C9629052C5800BD2A04 /* ggml.c in Sources */,
				18627C7B29052BDF00BD2A04 /* AppDelegate.m in Sources */,
				7FE3424D2A0C3FA20015A058 /* whisper-decoder-impl.m in Sources */,
				1844471A2AB211A2007D6BFE /* ggml-alloc.c in Sources */,
				18ABE15A2AF556340044A204 /* ggml-backend.c in Sources */,
				18627C8C29052BE000BD2A04 /* main.m in Sources */,
				1844471C2AB21655007D6BFE /* ggml-metal.m in Sources */,
				7FE3424B2A0C3FA20015A058 /* whisper-encoder-impl.m in Sources */,
			);
			runOnlyForDeploymentPostprocessing = 0;
		};
		79F1FA682B1207830065F66E /* Sources */ = {
			isa = PBXSourcesBuildPhase;
			buildActionMask = 2147483647;
			files = (
				79F1FA8A2B1207CD0065F66E /* IndexParser.swift in Sources */,
				79F1FA852B1207CD0065F66E /* MenuItem.pb.swift in Sources */,
				79F1FA972B1241A70065F66E /* MenuBarInterface.swift in Sources */,
				79F1FA702B1207830065F66E /* MenuBarInterface.docc in Sources */,
				79F1FA872B1207CD0065F66E /* MenuItem.proto in Sources */,
				79F1FA862B1207CD0065F66E /* AX.swift in Sources */,
				79F1FA892B1207CD0065F66E /* MenuItem.swift in Sources */,
				79F1FA882B1207CD0065F66E /* MenuBar.swift in Sources */,
			);
			runOnlyForDeploymentPostprocessing = 0;
		};
/* End PBXSourcesBuildPhase section */

/* Begin PBXTargetDependency section */
		79F1FA732B1207830065F66E /* PBXTargetDependency */ = {
			isa = PBXTargetDependency;
			target = 79F1FA6B2B1207830065F66E /* MenuBarInterface */;
			targetProxy = 79F1FA722B1207830065F66E /* PBXContainerItemProxy */;
		};
/* End PBXTargetDependency section */

/* Begin XCBuildConfiguration section */
		18627C8D29052BE000BD2A04 /* Debug */ = {
			isa = XCBuildConfiguration;
			buildSettings = {
				ALWAYS_SEARCH_USER_PATHS = NO;
				CLANG_ANALYZER_NONNULL = YES;
				CLANG_ANALYZER_NUMBER_OBJECT_CONVERSION = YES_AGGRESSIVE;
				CLANG_CXX_LANGUAGE_STANDARD = "gnu++20";
				CLANG_ENABLE_MODULES = YES;
				CLANG_ENABLE_OBJC_ARC = YES;
				CLANG_ENABLE_OBJC_WEAK = YES;
				CLANG_WARN_BLOCK_CAPTURE_AUTORELEASING = YES;
				CLANG_WARN_BOOL_CONVERSION = YES;
				CLANG_WARN_COMMA = YES;
				CLANG_WARN_CONSTANT_CONVERSION = YES;
				CLANG_WARN_DEPRECATED_OBJC_IMPLEMENTATIONS = YES;
				CLANG_WARN_DIRECT_OBJC_ISA_USAGE = YES_ERROR;
				CLANG_WARN_DOCUMENTATION_COMMENTS = YES;
				CLANG_WARN_EMPTY_BODY = YES;
				CLANG_WARN_ENUM_CONVERSION = YES;
				CLANG_WARN_INFINITE_RECURSION = YES;
				CLANG_WARN_INT_CONVERSION = YES;
				CLANG_WARN_NON_LITERAL_NULL_CONVERSION = YES;
				CLANG_WARN_OBJC_IMPLICIT_RETAIN_SELF = YES;
				CLANG_WARN_OBJC_LITERAL_CONVERSION = YES;
				CLANG_WARN_OBJC_ROOT_CLASS = YES_ERROR;
				CLANG_WARN_QUOTED_INCLUDE_IN_FRAMEWORK_HEADER = YES;
				CLANG_WARN_RANGE_LOOP_ANALYSIS = YES;
				CLANG_WARN_STRICT_PROTOTYPES = YES;
				CLANG_WARN_SUSPICIOUS_MOVE = YES;
				CLANG_WARN_UNGUARDED_AVAILABILITY = YES_AGGRESSIVE;
				CLANG_WARN_UNREACHABLE_CODE = YES;
				CLANG_WARN__DUPLICATE_METHOD_MATCH = YES;
				COPY_PHASE_STRIP = NO;
				DEBUG_INFORMATION_FORMAT = dwarf;
				ENABLE_STRICT_OBJC_MSGSEND = YES;
				ENABLE_TESTABILITY = YES;
				GCC_C_LANGUAGE_STANDARD = gnu11;
				GCC_DYNAMIC_NO_PIC = NO;
				GCC_NO_COMMON_BLOCKS = YES;
				GCC_OPTIMIZATION_LEVEL = 0;
				GCC_PREPROCESSOR_DEFINITIONS = (
					"DEBUG=1",
					"$(inherited)",
				);
				GCC_WARN_64_TO_32_BIT_CONVERSION = YES;
				GCC_WARN_ABOUT_RETURN_TYPE = YES_ERROR;
				GCC_WARN_UNDECLARED_SELECTOR = YES;
				GCC_WARN_UNINITIALIZED_AUTOS = YES_AGGRESSIVE;
				GCC_WARN_UNUSED_FUNCTION = YES;
				GCC_WARN_UNUSED_VARIABLE = YES;
				IPHONEOS_DEPLOYMENT_TARGET = 16.0;
				MACOSX_DEPLOYMENT_TARGET = 14.0;
				MTL_ENABLE_DEBUG_INFO = INCLUDE_SOURCE;
				MTL_FAST_MATH = YES;
				ONLY_ACTIVE_ARCH = YES;
				SDKROOT = macosx;
			};
			name = Debug;
		};
		18627C8E29052BE000BD2A04 /* Release */ = {
			isa = XCBuildConfiguration;
			buildSettings = {
				ALWAYS_SEARCH_USER_PATHS = NO;
				CLANG_ANALYZER_NONNULL = YES;
				CLANG_ANALYZER_NUMBER_OBJECT_CONVERSION = YES_AGGRESSIVE;
				CLANG_CXX_LANGUAGE_STANDARD = "gnu++20";
				CLANG_ENABLE_MODULES = YES;
				CLANG_ENABLE_OBJC_ARC = YES;
				CLANG_ENABLE_OBJC_WEAK = YES;
				CLANG_WARN_BLOCK_CAPTURE_AUTORELEASING = YES;
				CLANG_WARN_BOOL_CONVERSION = YES;
				CLANG_WARN_COMMA = YES;
				CLANG_WARN_CONSTANT_CONVERSION = YES;
				CLANG_WARN_DEPRECATED_OBJC_IMPLEMENTATIONS = YES;
				CLANG_WARN_DIRECT_OBJC_ISA_USAGE = YES_ERROR;
				CLANG_WARN_DOCUMENTATION_COMMENTS = YES;
				CLANG_WARN_EMPTY_BODY = YES;
				CLANG_WARN_ENUM_CONVERSION = YES;
				CLANG_WARN_INFINITE_RECURSION = YES;
				CLANG_WARN_INT_CONVERSION = YES;
				CLANG_WARN_NON_LITERAL_NULL_CONVERSION = YES;
				CLANG_WARN_OBJC_IMPLICIT_RETAIN_SELF = YES;
				CLANG_WARN_OBJC_LITERAL_CONVERSION = YES;
				CLANG_WARN_OBJC_ROOT_CLASS = YES_ERROR;
				CLANG_WARN_QUOTED_INCLUDE_IN_FRAMEWORK_HEADER = YES;
				CLANG_WARN_RANGE_LOOP_ANALYSIS = YES;
				CLANG_WARN_STRICT_PROTOTYPES = YES;
				CLANG_WARN_SUSPICIOUS_MOVE = YES;
				CLANG_WARN_UNGUARDED_AVAILABILITY = YES_AGGRESSIVE;
				CLANG_WARN_UNREACHABLE_CODE = YES;
				CLANG_WARN__DUPLICATE_METHOD_MATCH = YES;
				COPY_PHASE_STRIP = NO;
				DEBUG_INFORMATION_FORMAT = "dwarf-with-dsym";
				ENABLE_NS_ASSERTIONS = NO;
				ENABLE_STRICT_OBJC_MSGSEND = YES;
				GCC_C_LANGUAGE_STANDARD = gnu11;
				GCC_NO_COMMON_BLOCKS = YES;
				GCC_WARN_64_TO_32_BIT_CONVERSION = YES;
				GCC_WARN_ABOUT_RETURN_TYPE = YES_ERROR;
				GCC_WARN_UNDECLARED_SELECTOR = YES;
				GCC_WARN_UNINITIALIZED_AUTOS = YES_AGGRESSIVE;
				GCC_WARN_UNUSED_FUNCTION = YES;
				GCC_WARN_UNUSED_VARIABLE = YES;
				IPHONEOS_DEPLOYMENT_TARGET = 16.0;
				MACOSX_DEPLOYMENT_TARGET = 14.0;
				MTL_ENABLE_DEBUG_INFO = NO;
				MTL_FAST_MATH = YES;
				ONLY_ACTIVE_ARCH = YES;
				OTHER_CFLAGS = (
					"-O3",
					"-DNDEBUG",
				);
				SDKROOT = macosx;
				VALIDATE_PRODUCT = YES;
			};
			name = Release;
		};
		18627C9029052BE000BD2A04 /* Debug */ = {
			isa = XCBuildConfiguration;
			buildSettings = {
				ALWAYS_EMBED_SWIFT_STANDARD_LIBRARIES = YES;
				ASSETCATALOG_COMPILER_APPICON_NAME = AppIcon;
				ASSETCATALOG_COMPILER_GLOBAL_ACCENT_COLOR_NAME = AccentColor;
				CODE_SIGN_STYLE = Automatic;
				CURRENT_PROJECT_VERSION = 1;
				DEVELOPMENT_TEAM = QA6B2J6365;
				GCC_WARN_64_TO_32_BIT_CONVERSION = NO;
				GENERATE_INFOPLIST_FILE = YES;
				INFOPLIST_FILE = whisper.objc/Info.plist;
				INFOPLIST_KEY_LSUIElement = YES;
				INFOPLIST_KEY_NSMainStoryboardFile = Storyboard;
				INFOPLIST_KEY_NSMicrophoneUsageDescription = "This app requires microphone access in order to transcribe speech";
				INFOPLIST_KEY_NSPrincipalClass = NSApplication;
				LD_RUNPATH_SEARCH_PATHS = (
					"$(inherited)",
					"@executable_path/Frameworks",
				);
				MARKETING_VERSION = 1.0;
				PRODUCT_BUNDLE_IDENTIFIER = "com.stabb.whisper-objc";
				PRODUCT_NAME = "$(TARGET_NAME)";
				SUPPORTED_PLATFORMS = macosx;
				SUPPORTS_MACCATALYST = NO;
				SUPPORTS_MAC_DESIGNED_FOR_IPHONE_IPAD = NO;
				SWIFT_EMIT_LOC_STRINGS = YES;
			};
			name = Debug;
		};
		18627C9129052BE000BD2A04 /* Release */ = {
			isa = XCBuildConfiguration;
			buildSettings = {
				ALWAYS_EMBED_SWIFT_STANDARD_LIBRARIES = YES;
				ASSETCATALOG_COMPILER_APPICON_NAME = AppIcon;
				ASSETCATALOG_COMPILER_GLOBAL_ACCENT_COLOR_NAME = AccentColor;
				CODE_SIGN_STYLE = Automatic;
				CURRENT_PROJECT_VERSION = 1;
				DEVELOPMENT_TEAM = QA6B2J6365;
				GCC_WARN_64_TO_32_BIT_CONVERSION = NO;
				GENERATE_INFOPLIST_FILE = YES;
				INFOPLIST_FILE = whisper.objc/Info.plist;
				INFOPLIST_KEY_LSUIElement = YES;
				INFOPLIST_KEY_NSMainStoryboardFile = Storyboard;
				INFOPLIST_KEY_NSMicrophoneUsageDescription = "This app requires microphone access in order to transcribe speech";
				INFOPLIST_KEY_NSPrincipalClass = NSApplication;
				LD_RUNPATH_SEARCH_PATHS = (
					"$(inherited)",
					"@executable_path/Frameworks",
				);
				MARKETING_VERSION = 1.0;
				PRODUCT_BUNDLE_IDENTIFIER = "com.stabb.whisper-objc";
				PRODUCT_NAME = "$(TARGET_NAME)";
				SUPPORTED_PLATFORMS = macosx;
				SUPPORTS_MACCATALYST = NO;
				SUPPORTS_MAC_DESIGNED_FOR_IPHONE_IPAD = NO;
				SWIFT_EMIT_LOC_STRINGS = YES;
			};
			name = Release;
		};
		79F1FA772B1207830065F66E /* Debug */ = {
			isa = XCBuildConfiguration;
			buildSettings = {
				ASSETCATALOG_COMPILER_GENERATE_SWIFT_ASSET_SYMBOL_EXTENSIONS = YES;
				CODE_SIGN_STYLE = Automatic;
				COMBINE_HIDPI_IMAGES = YES;
				CURRENT_PROJECT_VERSION = 1;
				DEFINES_MODULE = YES;
				DEVELOPMENT_TEAM = QA6B2J6365;
				DYLIB_COMPATIBILITY_VERSION = 1;
				DYLIB_CURRENT_VERSION = 1;
				DYLIB_INSTALL_NAME_BASE = "@rpath";
				ENABLE_MODULE_VERIFIER = YES;
				ENABLE_USER_SCRIPT_SANDBOXING = YES;
				GCC_C_LANGUAGE_STANDARD = gnu17;
				GENERATE_INFOPLIST_FILE = YES;
				INFOPLIST_KEY_NSHumanReadableCopyright = "";
				INSTALL_PATH = "$(LOCAL_LIBRARY_DIR)/Frameworks";
				LD_RUNPATH_SEARCH_PATHS = (
					"$(inherited)",
					"@executable_path/../Frameworks",
					"@loader_path/Frameworks",
				);
				LOCALIZATION_PREFERS_STRING_CATALOGS = YES;
				MARKETING_VERSION = 1.0;
				MODULE_VERIFIER_SUPPORTED_LANGUAGES = "objective-c objective-c++";
				MODULE_VERIFIER_SUPPORTED_LANGUAGE_STANDARDS = "gnu17 gnu++20";
				PRODUCT_BUNDLE_IDENTIFIER = com.stabb.MenuBarInterface;
				PRODUCT_NAME = "$(TARGET_NAME:c99extidentifier)";
				SKIP_INSTALL = YES;
				SWIFT_ACTIVE_COMPILATION_CONDITIONS = "DEBUG $(inherited)";
				SWIFT_EMIT_LOC_STRINGS = YES;
				SWIFT_OPTIMIZATION_LEVEL = "-Onone";
				SWIFT_VERSION = 5.0;
				VERSIONING_SYSTEM = "apple-generic";
				VERSION_INFO_PREFIX = "";
			};
			name = Debug;
		};
		79F1FA782B1207830065F66E /* Release */ = {
			isa = XCBuildConfiguration;
			buildSettings = {
				ASSETCATALOG_COMPILER_GENERATE_SWIFT_ASSET_SYMBOL_EXTENSIONS = YES;
				CODE_SIGN_STYLE = Automatic;
				COMBINE_HIDPI_IMAGES = YES;
				CURRENT_PROJECT_VERSION = 1;
				DEFINES_MODULE = YES;
				DEVELOPMENT_TEAM = QA6B2J6365;
				DYLIB_COMPATIBILITY_VERSION = 1;
				DYLIB_CURRENT_VERSION = 1;
				DYLIB_INSTALL_NAME_BASE = "@rpath";
				ENABLE_MODULE_VERIFIER = YES;
				ENABLE_USER_SCRIPT_SANDBOXING = YES;
				GCC_C_LANGUAGE_STANDARD = gnu17;
				GENERATE_INFOPLIST_FILE = YES;
				INFOPLIST_KEY_NSHumanReadableCopyright = "";
				INSTALL_PATH = "$(LOCAL_LIBRARY_DIR)/Frameworks";
				LD_RUNPATH_SEARCH_PATHS = (
					"$(inherited)",
					"@executable_path/../Frameworks",
					"@loader_path/Frameworks",
				);
				LOCALIZATION_PREFERS_STRING_CATALOGS = YES;
				MARKETING_VERSION = 1.0;
				MODULE_VERIFIER_SUPPORTED_LANGUAGES = "objective-c objective-c++";
				MODULE_VERIFIER_SUPPORTED_LANGUAGE_STANDARDS = "gnu17 gnu++20";
				PRODUCT_BUNDLE_IDENTIFIER = com.stabb.MenuBarInterface;
				PRODUCT_NAME = "$(TARGET_NAME:c99extidentifier)";
				SKIP_INSTALL = YES;
				SWIFT_COMPILATION_MODE = wholemodule;
				SWIFT_EMIT_LOC_STRINGS = YES;
				SWIFT_VERSION = 5.0;
				VERSIONING_SYSTEM = "apple-generic";
				VERSION_INFO_PREFIX = "";
			};
			name = Release;
		};
/* End XCBuildConfiguration section */

/* Begin XCConfigurationList section */
		18627C7129052BDF00BD2A04 /* Build configuration list for PBXProject "whisper.objc" */ = {
			isa = XCConfigurationList;
			buildConfigurations = (
				18627C8D29052BE000BD2A04 /* Debug */,
				18627C8E29052BE000BD2A04 /* Release */,
			);
			defaultConfigurationIsVisible = 0;
			defaultConfigurationName = Release;
		};
		18627C8F29052BE000BD2A04 /* Build configuration list for PBXNativeTarget "whisper.objc" */ = {
			isa = XCConfigurationList;
			buildConfigurations = (
				18627C9029052BE000BD2A04 /* Debug */,
				18627C9129052BE000BD2A04 /* Release */,
			);
			defaultConfigurationIsVisible = 0;
			defaultConfigurationName = Release;
		};
		79F1FA792B1207830065F66E /* Build configuration list for PBXNativeTarget "MenuBarInterface" */ = {
			isa = XCConfigurationList;
			buildConfigurations = (
				79F1FA772B1207830065F66E /* Debug */,
				79F1FA782B1207830065F66E /* Release */,
			);
			defaultConfigurationIsVisible = 0;
			defaultConfigurationName = Release;
		};
/* End XCConfigurationList section */

/* Begin XCRemoteSwiftPackageReference section */
		79F1FA8C2B12088B0065F66E /* XCRemoteSwiftPackageReference "swift-protobuf" */ = {
			isa = XCRemoteSwiftPackageReference;
			repositoryURL = "https://github.com/apple/swift-protobuf.git";
			requirement = {
				kind = upToNextMajorVersion;
				minimumVersion = 1.25.1;
			};
		};
/* End XCRemoteSwiftPackageReference section */

/* Begin XCSwiftPackageProductDependency section */
		79F1FA922B1209F70065F66E /* SwiftProtobuf */ = {
			isa = XCSwiftPackageProductDependency;
			package = 79F1FA8C2B12088B0065F66E /* XCRemoteSwiftPackageReference "swift-protobuf" */;
			productName = SwiftProtobuf;
		};
		79F1FA942B1209F70065F66E /* SwiftProtobufPluginLibrary */ = {
			isa = XCSwiftPackageProductDependency;
			package = 79F1FA8C2B12088B0065F66E /* XCRemoteSwiftPackageReference "swift-protobuf" */;
			productName = SwiftProtobufPluginLibrary;
		};
/* End XCSwiftPackageProductDependency section */
	};
	rootObject = 18627C6E29052BDF00BD2A04 /* Project object */;
}
